// !$*UTF8*$!
{
	archiveVersion = 1;
	classes = {
	};
	objectVersion = 46;
	objects = {

/* Begin PBXBuildFile section */
		42117A1F1DBFDDFA00ADE804 /* pokemon.csv in Resources */ = {isa = PBXBuildFile; fileRef = 42117A1E1DBFDDFA00ADE804 /* pokemon.csv */; };
		424FA8B81DBFDB4600BDBFDA /* AppDelegate.swift in Sources */ = {isa = PBXBuildFile; fileRef = 424FA8B71DBFDB4600BDBFDA /* AppDelegate.swift */; };
		424FA8BA1DBFDB4600BDBFDA /* ViewController.swift in Sources */ = {isa = PBXBuildFile; fileRef = 424FA8B91DBFDB4600BDBFDA /* ViewController.swift */; };
		424FA8BD1DBFDB4600BDBFDA /* Main.storyboard in Resources */ = {isa = PBXBuildFile; fileRef = 424FA8BB1DBFDB4600BDBFDA /* Main.storyboard */; };
		424FA8BF1DBFDB4600BDBFDA /* Assets.xcassets in Resources */ = {isa = PBXBuildFile; fileRef = 424FA8BE1DBFDB4600BDBFDA /* Assets.xcassets */; };
		424FA8C21DBFDB4600BDBFDA /* LaunchScreen.storyboard in Resources */ = {isa = PBXBuildFile; fileRef = 424FA8C01DBFDB4600BDBFDA /* LaunchScreen.storyboard */; };
/* End PBXBuildFile section */

/* Begin PBXFileReference section */
		42117A1E1DBFDDFA00ADE804 /* pokemon.csv */ = {isa = PBXFileReference; fileEncoding = 4; lastKnownFileType = text; path = pokemon.csv; sourceTree = "<group>"; };
		424FA8B41DBFDB4600BDBFDA /* pokedex3.app */ = {isa = PBXFileReference; explicitFileType = wrapper.application; includeInIndex = 0; path = pokedex3.app; sourceTree = BUILT_PRODUCTS_DIR; };
		424FA8B71DBFDB4600BDBFDA /* AppDelegate.swift */ = {isa = PBXFileReference; lastKnownFileType = sourcecode.swift; path = AppDelegate.swift; sourceTree = "<group>"; };
		424FA8B91DBFDB4600BDBFDA /* ViewController.swift */ = {isa = PBXFileReference; lastKnownFileType = sourcecode.swift; path = ViewController.swift; sourceTree = "<group>"; };
		424FA8BC1DBFDB4600BDBFDA /* Base */ = {isa = PBXFileReference; lastKnownFileType = file.storyboard; name = Base; path = Base.lproj/Main.storyboard; sourceTree = "<group>"; };
		424FA8BE1DBFDB4600BDBFDA /* Assets.xcassets */ = {isa = PBXFileReference; lastKnownFileType = folder.assetcatalog; path = Assets.xcassets; sourceTree = "<group>"; };
		424FA8C11DBFDB4600BDBFDA /* Base */ = {isa = PBXFileReference; lastKnownFileType = file.storyboard; name = Base; path = Base.lproj/LaunchScreen.storyboard; sourceTree = "<group>"; };
		424FA8C31DBFDB4600BDBFDA /* Info.plist */ = {isa = PBXFileReference; lastKnownFileType = text.plist.xml; path = Info.plist; sourceTree = "<group>"; };
/* End PBXFileReference section */

/* Begin PBXFrameworksBuildPhase section */
		424FA8B11DBFDB4600BDBFDA /* Frameworks */ = {
			isa = PBXFrameworksBuildPhase;
			buildActionMask = 2147483647;
			files = (
			);
			runOnlyForDeploymentPostprocessing = 0;
		};
/* End PBXFrameworksBuildPhase section */

/* Begin PBXGroup section */
		424FA8AB1DBFDB4600BDBFDA = {
			isa = PBXGroup;
			children = (
				424FA8B61DBFDB4600BDBFDA /* pokedex3 */,
				424FA8B51DBFDB4600BDBFDA /* Products */,
			);
			sourceTree = "<group>";
		};
		424FA8B51DBFDB4600BDBFDA /* Products */ = {
			isa = PBXGroup;
			children = (
				424FA8B41DBFDB4600BDBFDA /* pokedex3.app */,
			);
			name = Products;
			sourceTree = "<group>";
		};
		424FA8B61DBFDB4600BDBFDA /* pokedex3 */ = {
			isa = PBXGroup;
			children = (
				424FA8B71DBFDB4600BDBFDA /* AppDelegate.swift */,
				424FA8B91DBFDB4600BDBFDA /* ViewController.swift */,
				424FA8BB1DBFDB4600BDBFDA /* Main.storyboard */,
				424FA8BE1DBFDB4600BDBFDA /* Assets.xcassets */,
				42117A1E1DBFDDFA00ADE804 /* pokemon.csv */,
				424FA8C01DBFDB4600BDBFDA /* LaunchScreen.storyboard */,
				424FA8C31DBFDB4600BDBFDA /* Info.plist */,
			);
			path = pokedex3;
			sourceTree = "<group>";
		};
/* End PBXGroup section */

/* Begin PBXNativeTarget section */
		424FA8B31DBFDB4600BDBFDA /* pokedex3 */ = {
			isa = PBXNativeTarget;
			buildConfigurationList = 424FA8C61DBFDB4600BDBFDA /* Build configuration list for PBXNativeTarget "pokedex3" */;
			buildPhases = (
				424FA8B01DBFDB4600BDBFDA /* Sources */,
				424FA8B11DBFDB4600BDBFDA /* Frameworks */,
				424FA8B21DBFDB4600BDBFDA /* Resources */,
			);
			buildRules = (
			);
			dependencies = (
			);
			name = pokedex3;
			productName = pokedex3;
			productReference = 424FA8B41DBFDB4600BDBFDA /* pokedex3.app */;
			productType = "com.apple.product-type.application";
		};
/* End PBXNativeTarget section */

/* Begin PBXProject section */
		424FA8AC1DBFDB4600BDBFDA /* Project object */ = {
			isa = PBXProject;
			attributes = {
				LastSwiftUpdateCheck = 0800;
				LastUpgradeCheck = 0800;
				ORGANIZATIONNAME = "Jude Joseph";
				TargetAttributes = {
					424FA8B31DBFDB4600BDBFDA = {
						CreatedOnToolsVersion = 8.0;
						ProvisioningStyle = Automatic;
					};
				};
			};
			buildConfigurationList = 424FA8AF1DBFDB4600BDBFDA /* Build configuration list for PBXProject "pokedex3" */;
			compatibilityVersion = "Xcode 3.2";
			developmentRegion = English;
			hasScannedForEncodings = 0;
			knownRegions = (
				en,
				Base,
			);
			mainGroup = 424FA8AB1DBFDB4600BDBFDA;
			productRefGroup = 424FA8B51DBFDB4600BDBFDA /* Products */;
			projectDirPath = "";
			projectRoot = "";
			targets = (
				424FA8B31DBFDB4600BDBFDA /* pokedex3 */,
			);
		};
/* End PBXProject section */

/* Begin PBXResourcesBuildPhase section */
		424FA8B21DBFDB4600BDBFDA /* Resources */ = {
			isa = PBXResourcesBuildPhase;
			buildActionMask = 2147483647;
			files = (
				424FA8C21DBFDB4600BDBFDA /* LaunchScreen.storyboard in Resources */,
				424FA8BF1DBFDB4600BDBFDA /* Assets.xcassets in Resources */,
				42117A1F1DBFDDFA00ADE804 /* pokemon.csv in Resources */,
				424FA8BD1DBFDB4600BDBFDA /* Main.storyboard in Resources */,
			);
			runOnlyForDeploymentPostprocessing = 0;
		};
/* End PBXResourcesBuildPhase section */

/* Begin PBXSourcesBuildPhase section */
		424FA8B01DBFDB4600BDBFDA /* Sources */ = {
			isa = PBXSourcesBuildPhase;
			buildActionMask = 2147483647;
			files = (
				424FA8BA1DBFDB4600BDBFDA /* ViewController.swift in Sources */,
				424FA8B81DBFDB4600BDBFDA /* AppDelegate.swift in Sources */,
			);
			runOnlyForDeploymentPostprocessing = 0;
		};
/* End PBXSourcesBuildPhase section */

/* Begin PBXVariantGroup section */
		424FA8BB1DBFDB4600BDBFDA /* Main.storyboard */ = {
			isa = PBXVariantGroup;
			children = (
				424FA8BC1DBFDB4600BDBFDA /* Base */,
			);
			name = Main.storyboard;
			sourceTree = "<group>";
		};
		424FA8C01DBFDB4600BDBFDA /* LaunchScreen.storyboard */ = {
			isa = PBXVariantGroup;
			children = (
				424FA8C11DBFDB4600BDBFDA /* Base */,
			);
			name = LaunchScreen.storyboard;
			sourceTree = "<group>";
		};
/* End PBXVariantGroup section */

/* Begin XCBuildConfiguration section */
		424FA8C41DBFDB4600BDBFDA /* Debug */ = {
			isa = XCBuildConfiguration;
			buildSettings = {
				ALWAYS_SEARCH_USER_PATHS = NO;
				CLANG_ANALYZER_NONNULL = YES;
				CLANG_CXX_LANGUAGE_STANDARD = "gnu++0x";
				CLANG_CXX_LIBRARY = "libc++";
				CLANG_ENABLE_MODULES = YES;
				CLANG_ENABLE_OBJC_ARC = YES;
				CLANG_WARN_BOOL_CONVERSION = YES;
				CLANG_WARN_CONSTANT_CONVERSION = YES;
				CLANG_WARN_DIRECT_OBJC_ISA_USAGE = YES_ERROR;
				CLANG_WARN_DOCUMENTATION_COMMENTS = YES;
				CLANG_WARN_EMPTY_BODY = YES;
				CLANG_WARN_ENUM_CONVERSION = YES;
				CLANG_WARN_INFINITE_RECURSION = YES;
				CLANG_WARN_INT_CONVERSION = YES;
				CLANG_WARN_OBJC_ROOT_CLASS = YES_ERROR;
				CLANG_WARN_SUSPICIOUS_MOVES = YES;
				CLANG_WARN_UNREACHABLE_CODE = YES;
				CLANG_WARN__DUPLICATE_METHOD_MATCH = YES;
				"CODE_SIGN_IDENTITY[sdk=iphoneos*]" = "iPhone Developer";
				COPY_PHASE_STRIP = NO;
				DEBUG_INFORMATION_FORMAT = dwarf;
				ENABLE_STRICT_OBJC_MSGSEND = YES;
				ENABLE_TESTABILITY = YES;
				GCC_C_LANGUAGE_STANDARD = gnu99;
				GCC_DYNAMIC_NO_PIC = NO;
				GCC_NO_COMMON_BLOCKS = YES;
				GCC_OPTIMIZATION_LEVEL = 0;
				GCC_PREPROCESSOR_DEFINITIONS = (
					"DEBUG=1",
					"$(inherited)",
				);
				GCC_WARN_64_TO_32_BIT_CONVERSION = YES;
				GCC_WARN_ABOUT_RETURN_TYPE = YES_ERROR;
				GCC_WARN_UNDECLARED_SELECTOR = YES;
				GCC_WARN_UNINITIALIZED_AUTOS = YES_AGGRESSIVE;
				GCC_WARN_UNUSED_FUNCTION = YES;
				GCC_WARN_UNUSED_VARIABLE = YES;
				IPHONEOS_DEPLOYMENT_TARGET = 10.0;
				MTL_ENABLE_DEBUG_INFO = YES;
				ONLY_ACTIVE_ARCH = YES;
				SDKROOT = iphoneos;
				SWIFT_ACTIVE_COMPILATION_CONDITIONS = DEBUG;
				SWIFT_OPTIMIZATION_LEVEL = "-Onone";
				TARGETED_DEVICE_FAMILY = "1,2";
			};
			name = Debug;
		};
		424FA8C51DBFDB4600BDBFDA /* Release */ = {
			isa = XCBuildConfiguration;
			buildSettings = {
				ALWAYS_SEARCH_USER_PATHS = NO;
				CLANG_ANALYZER_NONNULL = YES;
				CLANG_CXX_LANGUAGE_STANDARD = "gnu++0x";
				CLANG_CXX_LIBRARY = "libc++";
				CLANG_ENABLE_MODULES = YES;
				CLANG_ENABLE_OBJC_ARC = YES;
				CLANG_WARN_BOOL_CONVERSION = YES;
				CLANG_WARN_CONSTANT_CONVERSION = YES;
				CLANG_WARN_DIRECT_OBJC_ISA_USAGE = YES_ERROR;
				CLANG_WARN_DOCUMENTATION_COMMENTS = YES;
				CLANG_WARN_EMPTY_BODY = YES;
				CLANG_WARN_ENUM_CONVERSION = YES;
				CLANG_WARN_INFINITE_RECURSION = YES;
				CLANG_WARN_INT_CONVERSION = YES;
				CLANG_WARN_OBJC_ROOT_CLASS = YES_ERROR;
				CLANG_WARN_SUSPICIOUS_MOVES = YES;
				CLANG_WARN_UNREACHABLE_CODE = YES;
				CLANG_WARN__DUPLICATE_METHOD_MATCH = YES;
				"CODE_SIGN_IDENTITY[sdk=iphoneos*]" = "iPhone Developer";
				COPY_PHASE_STRIP = NO;
				DEBUG_INFORMATION_FORMAT = "dwarf-with-dsym";
				ENABLE_NS_ASSERTIONS = NO;
				ENABLE_STRICT_OBJC_MSGSEND = YES;
				GCC_C_LANGUAGE_STANDARD = gnu99;
				GCC_NO_COMMON_BLOCKS = YES;
				GCC_WARN_64_TO_32_BIT_CONVERSION = YES;
				GCC_WARN_ABOUT_RETURN_TYPE = YES_ERROR;
				GCC_WARN_UNDECLARED_SELECTOR = YES;
				GCC_WARN_UNINITIALIZED_AUTOS = YES_AGGRESSIVE;
				GCC_WARN_UNUSED_FUNCTION = YES;
				GCC_WARN_UNUSED_VARIABLE = YES;
				IPHONEOS_DEPLOYMENT_TARGET = 10.0;
				MTL_ENABLE_DEBUG_INFO = NO;
				SDKROOT = iphoneos;
				SWIFT_OPTIMIZATION_LEVEL = "-Owholemodule";
				TARGETED_DEVICE_FAMILY = "1,2";
				VALIDATE_PRODUCT = YES;
			};
			name = Release;
		};
		424FA8C71DBFDB4600BDBFDA /* Debug */ = {
			isa = XCBuildConfiguration;
			buildSettings = {
				ASSETCATALOG_COMPILER_APPICON_NAME = AppIcon;
				INFOPLIST_FILE = pokedex3/Info.plist;
				LD_RUNPATH_SEARCH_PATHS = "$(inherited) @executable_path/Frameworks";
				PRODUCT_BUNDLE_IDENTIFIER = com.example.pokedex3;
				PRODUCT_NAME = "$(TARGET_NAME)";
				SWIFT_VERSION = 3.0;
			};
			name = Debug;
		};
		424FA8C81DBFDB4600BDBFDA /* Release */ = {
			isa = XCBuildConfiguration;
			buildSettings = {
				ASSETCATALOG_COMPILER_APPICON_NAME = AppIcon;
				INFOPLIST_FILE = pokedex3/Info.plist;
				LD_RUNPATH_SEARCH_PATHS = "$(inherited) @executable_path/Frameworks";
				PRODUCT_BUNDLE_IDENTIFIER = com.example.pokedex3;
				PRODUCT_NAME = "$(TARGET_NAME)";
				SWIFT_VERSION = 3.0;
			};
			name = Release;
		};
/* End XCBuildConfiguration section */

/* Begin XCConfigurationList section */
		424FA8AF1DBFDB4600BDBFDA /* Build configuration list for PBXProject "pokedex3" */ = {
			isa = XCConfigurationList;
			buildConfigurations = (
				424FA8C41DBFDB4600BDBFDA /* Debug */,
				424FA8C51DBFDB4600BDBFDA /* Release */,
			);
			defaultConfigurationIsVisible = 0;
			defaultConfigurationName = Release;
		};
		424FA8C61DBFDB4600BDBFDA /* Build configuration list for PBXNativeTarget "pokedex3" */ = {
			isa = XCConfigurationList;
			buildConfigurations = (
				424FA8C71DBFDB4600BDBFDA /* Debug */,
				424FA8C81DBFDB4600BDBFDA /* Release */,
			);
			defaultConfigurationIsVisible = 0;
			defaultConfigurationName = Release;
		};
/* End XCConfigurationList section */
	};
	rootObject = 424FA8AC1DBFDB4600BDBFDA /* Project object */;
}
